
Microsoft Visual Studio Solution File, Format Version 12.00
# Visual Studio 15
VisualStudioVersion = 15.0.28010.2046
MinimumVisualStudioVersion = 10.0.40219.1
Project("{FAE04EC0-301F-11D3-BF4B-00C04F79EFBC}") = "CNN_Emotions", "CNN_Emotions.csproj", "{31BC5E42-7516-4055-97C7-07949E53CEB8}"
EndProject
Global
	GlobalSection(SolutionConfigurationPlatforms) = preSolution
		Debug|Any CPU = Debug|Any CPU
		Release|Any CPU = Release|Any CPU
	EndGlobalSection
	GlobalSection(ProjectConfigurationPlatforms) = postSolution
		{31BC5E42-7516-4055-97C7-07949E53CEB8}.Debug|Any CPU.ActiveCfg = Debug|Any CPU
		{31BC5E42-7516-4055-97C7-07949E53CEB8}.Debug|Any CPU.Build.0 = Debug|Any CPU
		{31BC5E42-7516-4055-97C7-07949E53CEB8}.Release|Any CPU.ActiveCfg = Release|Any CPU
		{31BC5E42-7516-4055-97C7-07949E53CEB8}.Release|Any CPU.Build.0 = Release|Any CPU
	EndGlobalSection
	GlobalSection(SolutionProperties) = preSolution
		HideSolutionNode = FALSE
	EndGlobalSection
	GlobalSection(ExtensibilityGlobals) = postSolution
		SolutionGuid = {AB937E07-26F7-41E2-86EB-1C884F0314B6}
	EndGlobalSection
EndGlobal
